
Microsoft Visual Studio Solution File, Format Version 12.00
# Visual Studio Version 16
VisualStudioVersion = 16.0.29509.3
MinimumVisualStudioVersion = 10.0.40219.1
Project("{FAE04EC0-301F-11D3-BF4B-00C04F79EFBC}") = "InventoryManagement", "InventoryManagement\InventoryManagement.csproj", "{3DE979A7-08B7-44AE-B8C1-1393A2674035}"
EndProject
Project("{FAE04EC0-301F-11D3-BF4B-00C04F79EFBC}") = "DataAccess", "DataAccess\DataAccess.csproj", "{4D3ECD28-A166-449B-BF31-EDCD184E120F}"
EndProject
Global
	GlobalSection(SolutionConfigurationPlatforms) = preSolution
		Debug|Any CPU = Debug|Any CPU
		Release|Any CPU = Release|Any CPU
	EndGlobalSection
	GlobalSection(ProjectConfigurationPlatforms) = postSolution
		{3DE979A7-08B7-44AE-B8C1-1393A2674035}.Debug|Any CPU.ActiveCfg = Debug|Any CPU
		{3DE979A7-08B7-44AE-B8C1-1393A2674035}.Debug|Any CPU.Build.0 = Debug|Any CPU
		{3DE979A7-08B7-44AE-B8C1-1393A2674035}.Release|Any CPU.ActiveCfg = Release|Any CPU
		{3DE979A7-08B7-44AE-B8C1-1393A2674035}.Release|Any CPU.Build.0 = Release|Any CPU
		{4D3ECD28-A166-449B-BF31-EDCD184E120F}.Debug|Any CPU.ActiveCfg = Debug|Any CPU
		{4D3ECD28-A166-449B-BF31-EDCD184E120F}.Debug|Any CPU.Build.0 = Debug|Any CPU
		{4D3ECD28-A166-449B-BF31-EDCD184E120F}.Release|Any CPU.ActiveCfg = Release|Any CPU
		{4D3ECD28-A166-449B-BF31-EDCD184E120F}.Release|Any CPU.Build.0 = Release|Any CPU
	EndGlobalSection
	GlobalSection(SolutionProperties) = preSolution
		HideSolutionNode = FALSE
	EndGlobalSection
	GlobalSection(ExtensibilityGlobals) = postSolution
		SolutionGuid = {EB8357D4-5FA2-4D49-A168-8182ECC540DA}
	EndGlobalSection
EndGlobal
